<?xml version="1.0" encoding="utf-8"?>
<Project ToolsVersion="4.0" xmlns="http://schemas.microsoft.com/developer/msbuild/2003">
  <ItemGroup>
    <Filter Include="Data">
      <UniqueIdentifier>{92d64924-bf14-48ea-8aa5-fbc958684116}</UniqueIdentifier>
    </Filter>
    <Filter Include="Data\Sprites">
      <UniqueIdentifier>{17dcb38e-f77a-4ff4-bdce-2c1e8b4ea010}</UniqueIdentifier>
    </Filter>
    <Filter Include="Main">
      <UniqueIdentifier>{f5581a2d-145a-4ccd-b5fb-9854ae8b1e78}</UniqueIdentifier>
    </Filter>
    <Filter Include="Data\Fonts">
      <UniqueIdentifier>{8297181e-193c-41d6-8fa7-8bbacd782660}</UniqueIdentifier>
    </Filter>
    <Filter Include="Data\Shaders">
      <UniqueIdentifier>{bdf8ae62-5dca-498c-a10b-c4d1a98161bc}</UniqueIdentifier>
    </Filter>
  </ItemGroup>
  <ItemGroup>
    <ClCompile Include="Main_Win32.cpp">
      <Filter>Main</Filter>
    </ClCompile>
    <ClCompile Include="App.cpp">
      <Filter>Main</Filter>
    </ClCompile>
    <ClCompile Include="Game.cpp">
      <Filter>Main</Filter>
    </ClCompile>
    <ClCompile Include="GameNetworkSystem.cpp">
      <Filter>Main</Filter>
    </ClCompile>
    <ClCompile Include="GameObject.cpp">
      <Filter>Main</Filter>
    </ClCompile>
    <ClCompile Include="INetworkedObject.cpp">
      <Filter>Main</Filter>
    </ClCompile>
  </ItemGroup>
  <ItemGroup>
    <ClInclude Include="App.hpp">
      <Filter>Main</Filter>
    </ClInclude>
    <ClInclude Include="Game.hpp">
      <Filter>Main</Filter>
    </ClInclude>
    <ClInclude Include="GameNetworkSystem.hpp">
      <Filter>Main</Filter>
    </ClInclude>
    <ClInclude Include="GameObject.hpp">
      <Filter>Main</Filter>
    </ClInclude>
    <ClInclude Include="INetworkedObject.hpp">
      <Filter>Main</Filter>
    </ClInclude>
  </ItemGroup>
  <ItemGroup>
    <None Include="..\..\Run_Win32\Data\Shaders\passthrough.frag">
      <Filter>Data\Shaders</Filter>
    </None>
    <None Include="..\..\Run_Win32\Data\Shaders\passthrough.vert">
      <Filter>Data\Shaders</Filter>
    </None>
    <None Include="..\..\Run_Win32\Data\Shaders\font.frag">
      <Filter>Data\Shaders</Filter>
    </None>
    <None Include="..\..\Run_Win32\Data\Shaders\font.vert">
      <Filter>Data\Shaders</Filter>
    </None>
    <None Include="..\..\Run_Win32\Data\Shaders\post.vert">
      <Filter>Data\Shaders</Filter>
    </None>
    <None Include="..\..\Run_Win32\Data\Shaders\postNothing.frag">
      <Filter>Data\Shaders</Filter>
    </None>
    <None Include="..\..\Run_Win32\Data\Shaders\postWaves.frag">
      <Filter>Data\Shaders</Filter>
    </None>
    <None Include="..\..\Run_Win32\Data\Shaders\tangent.frag">
      <Filter>Data\Shaders</Filter>
    </None>
    <None Include="..\..\Run_Win32\Data\Shaders\tangent.vert">
      <Filter>Data\Shaders</Filter>
    </None>
    <None Include="..\..\Run_Win32\Data\Shaders\blinnPhong.frag">
      <Filter>Data\Shaders</Filter>
    </None>
    <None Include="..\..\Run_Win32\Data\Shaders\blinnPhong.vert">
      <Filter>Data\Shaders</Filter>
    </None>
    <None Include="..\..\Run_Win32\Data\Shaders\sprite.frag">
      <Filter>Data\Shaders</Filter>
    </None>
    <None Include="..\..\Run_Win32\Data\Shaders\sprite.vert">
      <Filter>Data\Shaders</Filter>
    </None>
    <None Include="..\..\Run_Win32\Data\Shaders\postDark.frag">
      <Filter>Data\Shaders</Filter>
    </None>
    <None Include="..\..\Run_Win32\Data\Fonts\ConsoleFont.fnt">
      <Filter>Data\Fonts</Filter>
    </None>
    <None Include="..\..\Run_Win32\Data\Fonts\MainFrame.fnt">
      <Filter>Data\Fonts</Filter>
    </None>
  </ItemGroup>
  <ItemGroup>
    <Image Include="..\..\Run_Win32\Data\Sprites\triangle.png">
      <Filter>Data\Sprites</Filter>
    </Image>
    <Image Include="..\..\Run_Win32\Data\Sprites\square.png">
      <Filter>Data\Sprites</Filter>
    </Image>
    <Image Include="..\..\Run_Win32\Data\Sprites\circle.png">
      <Filter>Data\Sprites</Filter>
    </Image>
    <Image Include="..\..\Run_Win32\Data\Fonts\ClayFont.png">
      <Filter>Data\Fonts</Filter>
    </Image>
    <Image Include="..\..\Run_Win32\Data\Fonts\ConsoleFont.png">
      <Filter>Data\Fonts</Filter>
    </Image>
    <Image Include="..\..\Run_Win32\Data\Fonts\MainFrame.png">
      <Filter>Data\Fonts</Filter>
    </Image>
  </ItemGroup>
  <ItemGroup>
    <Xml Include="..\..\Run_Win32\Data\Sprites\SpriteResources.Sprite.xml">
      <Filter>Data\Sprites</Filter>
    </Xml>
  </ItemGroup>
</Project>